
Microsoft Visual Studio Solution File, Format Version 12.00
# Visual Studio Version 16
VisualStudioVersion = 16.0.31129.286
MinimumVisualStudioVersion = 10.0.40219.1
Project("{FAE04EC0-301F-11D3-BF4B-00C04F79EFBC}") = "ClubeLeitura.ConsoleApp", "ClubeLeitura.ConsoleApp\ClubeLeitura.ConsoleApp.csproj", "{389C8000-FA27-403F-86F2-CBB9205AC4D5}"
EndProject
Global
	GlobalSection(SolutionConfigurationPlatforms) = preSolution
		Debug|Any CPU = Debug|Any CPU
		Release|Any CPU = Release|Any CPU
	EndGlobalSection
	GlobalSection(ProjectConfigurationPlatforms) = postSolution
		{389C8000-FA27-403F-86F2-CBB9205AC4D5}.Debug|Any CPU.ActiveCfg = Debug|Any CPU
		{389C8000-FA27-403F-86F2-CBB9205AC4D5}.Debug|Any CPU.Build.0 = Debug|Any CPU
		{389C8000-FA27-403F-86F2-CBB9205AC4D5}.Release|Any CPU.ActiveCfg = Release|Any CPU
		{389C8000-FA27-403F-86F2-CBB9205AC4D5}.Release|Any CPU.Build.0 = Release|Any CPU
	EndGlobalSection
	GlobalSection(SolutionProperties) = preSolution
		HideSolutionNode = FALSE
	EndGlobalSection
	GlobalSection(ExtensibilityGlobals) = postSolution
		SolutionGuid = {F110BD60-DAF0-4897-A7E1-9DC7CDCEAF99}
	EndGlobalSection
EndGlobal
